
Microsoft Visual Studio Solution File, Format Version 12.00
# Visual Studio 14
VisualStudioVersion = 14.0.25420.1
MinimumVisualStudioVersion = 10.0.40219.1
Project("{FAE04EC0-301F-11D3-BF4B-00C04F79EFBC}") = "BlockChain.NET", "BlockChain.NET\BlockChain.NET.csproj", "{79C66879-B99F-4BCF-B110-F5FFC2A182D3}"
EndProject
Project("{FAE04EC0-301F-11D3-BF4B-00C04F79EFBC}") = "Testing.Unit", "Testing.Unit\Testing.Unit.csproj", "{FCE8252C-E128-4738-924C-3ABFC1FE21C6}"
EndProject
Global
	GlobalSection(SolutionConfigurationPlatforms) = preSolution
		Debug|Any CPU = Debug|Any CPU
		Release|Any CPU = Release|Any CPU
	EndGlobalSection
	GlobalSection(ProjectConfigurationPlatforms) = postSolution
		{79C66879-B99F-4BCF-B110-F5FFC2A182D3}.Debug|Any CPU.ActiveCfg = Debug|Any CPU
		{79C66879-B99F-4BCF-B110-F5FFC2A182D3}.Debug|Any CPU.Build.0 = Debug|Any CPU
		{79C66879-B99F-4BCF-B110-F5FFC2A182D3}.Release|Any CPU.ActiveCfg = Release|Any CPU
		{79C66879-B99F-4BCF-B110-F5FFC2A182D3}.Release|Any CPU.Build.0 = Release|Any CPU
		{FCE8252C-E128-4738-924C-3ABFC1FE21C6}.Debug|Any CPU.ActiveCfg = Debug|Any CPU
		{FCE8252C-E128-4738-924C-3ABFC1FE21C6}.Debug|Any CPU.Build.0 = Debug|Any CPU
		{FCE8252C-E128-4738-924C-3ABFC1FE21C6}.Release|Any CPU.ActiveCfg = Release|Any CPU
		{FCE8252C-E128-4738-924C-3ABFC1FE21C6}.Release|Any CPU.Build.0 = Release|Any CPU
	EndGlobalSection
	GlobalSection(SolutionProperties) = preSolution
		HideSolutionNode = FALSE
	EndGlobalSection
EndGlobal
