
Microsoft Visual Studio Solution File, Format Version 12.00
# Visual Studio Version 17
VisualStudioVersion = 17.4.33122.133
MinimumVisualStudioVersion = 10.0.40219.1
Project("{9A19103F-16F7-4668-BE54-9A1E7A4F7556}") = "BlockChain.NET", "BlockChain.NET\BlockChain.NET.csproj", "{79C66879-B99F-4BCF-B110-F5FFC2A182D3}"
EndProject
Project("{FAE04EC0-301F-11D3-BF4B-00C04F79EFBC}") = "Testing.Unit", "Testing.Unit\Testing.Unit.csproj", "{777F2414-E098-49CA-B782-677D2F0C70C4}"
EndProject
Global
	GlobalSection(SolutionConfigurationPlatforms) = preSolution
		Debug|Any CPU = Debug|Any CPU
		Release|Any CPU = Release|Any CPU
	EndGlobalSection
	GlobalSection(ProjectConfigurationPlatforms) = postSolution
		{79C66879-B99F-4BCF-B110-F5FFC2A182D3}.Debug|Any CPU.ActiveCfg = Debug|Any CPU
		{79C66879-B99F-4BCF-B110-F5FFC2A182D3}.Debug|Any CPU.Build.0 = Debug|Any CPU
		{79C66879-B99F-4BCF-B110-F5FFC2A182D3}.Release|Any CPU.ActiveCfg = Release|Any CPU
		{79C66879-B99F-4BCF-B110-F5FFC2A182D3}.Release|Any CPU.Build.0 = Release|Any CPU
		{777F2414-E098-49CA-B782-677D2F0C70C4}.Debug|Any CPU.ActiveCfg = Debug|Any CPU
		{777F2414-E098-49CA-B782-677D2F0C70C4}.Debug|Any CPU.Build.0 = Debug|Any CPU
		{777F2414-E098-49CA-B782-677D2F0C70C4}.Release|Any CPU.ActiveCfg = Release|Any CPU
		{777F2414-E098-49CA-B782-677D2F0C70C4}.Release|Any CPU.Build.0 = Release|Any CPU
	EndGlobalSection
	GlobalSection(SolutionProperties) = preSolution
		HideSolutionNode = FALSE
	EndGlobalSection
	GlobalSection(ExtensibilityGlobals) = postSolution
		SolutionGuid = {A94C76E0-330C-486A-9FD4-EB0DC1F51342}
	EndGlobalSection
EndGlobal
